
Microsoft Visual Studio Solution File, Format Version 12.00
# Visual Studio Version 16
VisualStudioVersion = 16.0.31321.278
MinimumVisualStudioVersion = 10.0.40219.1
Project("{FAE04EC0-301F-11D3-BF4B-00C04F79EFBC}") = "CRUD_SP", "CRUD_SP\CRUD_SP.csproj", "{E6C111A3-AB74-4186-B7BD-6A3FAF0B4197}"
EndProject
Global
	GlobalSection(SolutionConfigurationPlatforms) = preSolution
		Debug|Any CPU = Debug|Any CPU
		Release|Any CPU = Release|Any CPU
	EndGlobalSection
	GlobalSection(ProjectConfigurationPlatforms) = postSolution
		{E6C111A3-AB74-4186-B7BD-6A3FAF0B4197}.Debug|Any CPU.ActiveCfg = Debug|Any CPU
		{E6C111A3-AB74-4186-B7BD-6A3FAF0B4197}.Debug|Any CPU.Build.0 = Debug|Any CPU
		{E6C111A3-AB74-4186-B7BD-6A3FAF0B4197}.Release|Any CPU.ActiveCfg = Release|Any CPU
		{E6C111A3-AB74-4186-B7BD-6A3FAF0B4197}.Release|Any CPU.Build.0 = Release|Any CPU
	EndGlobalSection
	GlobalSection(SolutionProperties) = preSolution
		HideSolutionNode = FALSE
	EndGlobalSection
	GlobalSection(ExtensibilityGlobals) = postSolution
		SolutionGuid = {40A477A6-B3E4-41F7-A57C-C35F0F87BBAE}
	EndGlobalSection
EndGlobal
